
Microsoft Visual Studio Solution File, Format Version 12.00
# Visual Studio Version 16
VisualStudioVersion = 16.0.30717.126
MinimumVisualStudioVersion = 10.0.40219.1
Project("{9A19103F-16F7-4668-BE54-9A1E7A4F7556}") = "BlazorApp1.Server", "BlazorApp1\Server\BlazorApp1.Server.csproj", "{409863E2-FEEA-4D00-BCF8-7836C9E4C235}"
EndProject
Project("{9A19103F-16F7-4668-BE54-9A1E7A4F7556}") = "BlazorApp1.Client", "BlazorApp1\Client\BlazorApp1.Client.csproj", "{3FB80BC3-C00C-4DF3-A742-20FB2EAF7439}"
EndProject
Project("{9A19103F-16F7-4668-BE54-9A1E7A4F7556}") = "BlazorApp1.Shared", "BlazorApp1\Shared\BlazorApp1.Shared.csproj", "{AA914475-D644-4EA3-84F4-30F63D1F049D}"
EndProject
Global
	GlobalSection(SolutionConfigurationPlatforms) = preSolution
		Debug|Any CPU = Debug|Any CPU
		Release|Any CPU = Release|Any CPU
	EndGlobalSection
	GlobalSection(ProjectConfigurationPlatforms) = postSolution
		{409863E2-FEEA-4D00-BCF8-7836C9E4C235}.Debug|Any CPU.ActiveCfg = Debug|Any CPU
		{409863E2-FEEA-4D00-BCF8-7836C9E4C235}.Debug|Any CPU.Build.0 = Debug|Any CPU
		{409863E2-FEEA-4D00-BCF8-7836C9E4C235}.Release|Any CPU.ActiveCfg = Release|Any CPU
		{409863E2-FEEA-4D00-BCF8-7836C9E4C235}.Release|Any CPU.Build.0 = Release|Any CPU
		{3FB80BC3-C00C-4DF3-A742-20FB2EAF7439}.Debug|Any CPU.ActiveCfg = Debug|Any CPU
		{3FB80BC3-C00C-4DF3-A742-20FB2EAF7439}.Debug|Any CPU.Build.0 = Debug|Any CPU
		{3FB80BC3-C00C-4DF3-A742-20FB2EAF7439}.Release|Any CPU.ActiveCfg = Release|Any CPU
		{3FB80BC3-C00C-4DF3-A742-20FB2EAF7439}.Release|Any CPU.Build.0 = Release|Any CPU
		{AA914475-D644-4EA3-84F4-30F63D1F049D}.Debug|Any CPU.ActiveCfg = Debug|Any CPU
		{AA914475-D644-4EA3-84F4-30F63D1F049D}.Debug|Any CPU.Build.0 = Debug|Any CPU
		{AA914475-D644-4EA3-84F4-30F63D1F049D}.Release|Any CPU.ActiveCfg = Release|Any CPU
		{AA914475-D644-4EA3-84F4-30F63D1F049D}.Release|Any CPU.Build.0 = Release|Any CPU
	EndGlobalSection
	GlobalSection(SolutionProperties) = preSolution
		HideSolutionNode = FALSE
	EndGlobalSection
	GlobalSection(ExtensibilityGlobals) = postSolution
		SolutionGuid = {035B8273-1CC5-4A88-9BE8-E53811DDABED}
	EndGlobalSection
EndGlobal
